{
  "name": "@redtap/space",
  "lockfileVersion": 3,
  "requires": true,
  "packages": {
    "": {
      "name": "@redtap/space",
      "dependencies": {
        "@hono/node-server": "^1.13.7",
        "@huggingface/hub": "^2.6.14",
        "hono": "^4.6.14",
        "zod": "^3.24.1"
      }
    },
    "node_modules/@hono/node-server": {
      "version": "1.19.17",
      "resolved": "https://registry.npmjs.org/@hono/node-server/-/node-server-1.19.17.tgz",
      "integrity": "sha512-dSneS5qhiauZWGDCeK4o695Xd9nUNjviSZCMQrj10eetr8Uln1ucn6bbphOM6UynAMMtNIzZNSpL9vnASJwrPQ==",
      "license": "MIT",
      "engines": {
        "node": ">=18.14.1"
      },
      "peerDependencies": {
        "hono": "^4"
      }
    },
    "node_modules/@huggingface/blake3-jit": {
      "version": "0.0.2",
      "resolved": "https://registry.npmjs.org/@huggingface/blake3-jit/-/blake3-jit-0.0.2.tgz",
      "integrity": "sha512-Bq7B5qabyjrJfhBsl85Jd2QBtf+HzRD7h7A9GfN2lzrrsABhOa5evVPgzoCTxR7Ub0QFj7YDK1YkYRWBU25+2w==",
      "license": "MIT"
    },
    "node_modules/@huggingface/hub": {
      "version": "2.17.5",
      "resolved": "https://registry.npmjs.org/@huggingface/hub/-/hub-2.17.5.tgz",
      "integrity": "sha512-FbS39It+C+K5F10jyaNAI2wmMaLpOu+KN0Om8ycXc0um/RIisxOyE/5eTqPELy9bAI8JZdGQ29nZYzcZeXzvFg==",
      "license": "MIT",
      "dependencies": {
        "@huggingface/tasks": "^0.21.47",
        "@huggingface/xetchunk-wasm": "^0.2.0"
      },
      "bin": {
        "hfjs": "dist/cli.js"
      },
      "engines": {
        "node": ">=18"
      },
      "optionalDependencies": {
        "cli-progress": "^3.12.0"
      }
    },
    "node_modules/@huggingface/tasks": {
      "version": "0.21.57",
      "resolved": "https://registry.npmjs.org/@huggingface/tasks/-/tasks-0.21.57.tgz",
      "integrity": "sha512-Pt7C6D6Fz1SyG/jWzoHO37JeN47fFCZsKt+u70ZMnvAeOqwLkmJcDC/KJzmnCBjoV9oiC2bptFiXoOQRMbCh/w==",
      "license": "MIT"
    },
    "node_modules/@huggingface/xetchunk-wasm": {
      "version": "0.2.0",
      "resolved": "https://registry.npmjs.org/@huggingface/xetchunk-wasm/-/xetchunk-wasm-0.2.0.tgz",
      "integrity": "sha512-cmp7oAAWeCpZGrVQTP/LxDtJdzGMfpxwkEVsZsk5jZQ2FwP2njm8LnyobhnQvLpkSAcJJwUzFJC0PYS9ZsqeTg==",
      "license": "MIT",
      "dependencies": {
        "@huggingface/blake3-jit": "0.0.2",
        "gearhash-jit": "1.0.2"
      }
    },
    "node_modules/ansi-regex": {
      "version": "5.0.1",
      "resolved": "https://registry.npmjs.org/ansi-regex/-/ansi-regex-5.0.1.tgz",
      "integrity": "sha512-quJQXlTSUGL2LH9SUXo8VwsY4soanhgo6LNSm84E1LBcE8s3O0wpdiRzyR9z/ZZJMlMWv37qOOb9pdJlMUEKFQ==",
      "license": "MIT",
      "optional": true,
      "engines": {
        "node": ">=8"
      }
    },
    "node_modules/cli-progress": {
      "version": "3.12.0",
      "resolved": "https://registry.npmjs.org/cli-progress/-/cli-progress-3.12.0.tgz",
      "integrity": "sha512-tRkV3HJ1ASwm19THiiLIXLO7Im7wlTuKnvkYaTkyoAPefqjNg7W7DHKUlGRxy9vxDvbyCYQkQozvptuMkGCg8A==",
      "license": "MIT",
      "optional": true,
      "dependencies": {
        "string-width": "^4.2.3"
      },
      "engines": {
        "node": ">=4"
      }
    },
    "node_modules/emoji-regex": {
      "version": "8.0.0",
      "resolved": "https://registry.npmjs.org/emoji-regex/-/emoji-regex-8.0.0.tgz",
      "integrity": "sha512-MSjYzcWNOA0ewAHpz0MxpYFvwg6yjy1NG3xteoqz644VCo/RPgnr1/GGt+ic3iJTzQ8Eu3TdM14SawnVUmGE6A==",
      "license": "MIT",
      "optional": true
    },
    "node_modules/gearhash-jit": {
      "version": "1.0.2",
      "resolved": "https://registry.npmjs.org/gearhash-jit/-/gearhash-jit-1.0.2.tgz",
      "integrity": "sha512-UhzJL4KXSdqAKepy/tZwmi2Rcy0YMmtiC4DQS4SURCuIWdh8ECZtnXK2ePRMLigfB61hRKdLK/Vgg2bSw73izQ==",
      "license": "MIT"
    },
    "node_modules/hono": {
      "version": "4.13.12",
      "resolved": "https://registry.npmjs.org/hono/-/hono-4.13.12.tgz",
      "integrity": "sha512-6E2QDAc9Ick9Sq77ZrGS/dk2WUYni91aufTw6LJKpV7w8kW5/GxVUc650FOADOmlwg3K+f7Pun6XlV+pYmW6gw==",
      "license": "MIT",
      "engines": {
        "node": ">=16.9.0"
      }
    },
    "node_modules/is-fullwidth-code-point": {
      "version": "3.0.0",
      "resolved": "https://registry.npmjs.org/is-fullwidth-code-point/-/is-fullwidth-code-point-3.0.0.tgz",
      "integrity": "sha512-zymm5+u+sCsSWyD9qNaejV3DFvhCKclKdizYaJUuHA83RLjb7nSuGnddCHGv0hk+KY7BMAlsWeK4Ueg6EV6XQg==",
      "license": "MIT",
      "optional": true,
      "engines": {
        "node": ">=8"
      }
    },
    "node_modules/string-width": {
      "version": "4.2.3",
      "resolved": "https://registry.npmjs.org/string-width/-/string-width-4.2.3.tgz",
      "integrity": "sha512-wKyQRQpjJ0sIp62ErSZdGsjMJWsap5oRNihHhu6G7JVO/9jIB6UyevL+tXuOqrng8j/cxKTWyWUwvSTriiZz/g==",
      "license": "MIT",
      "optional": true,
      "dependencies": {
        "emoji-regex": "^8.0.0",
        "is-fullwidth-code-point": "^3.0.0",
        "strip-ansi": "^6.0.1"
      },
      "engines": {
        "node": ">=8"
      }
    },
    "node_modules/strip-ansi": {
      "version": "6.0.1",
      "resolved": "https://registry.npmjs.org/strip-ansi/-/strip-ansi-6.0.1.tgz",
      "integrity": "sha512-Y38VPSHcqkFrCpFnQ9vuSXmquuv5oXOKpGeT6aGrr3o3Gc9AlVa6JBfUSOCnbxGGZF+/0ooI7KrPuUSztUdU5A==",
      "license": "MIT",
      "optional": true,
      "dependencies": {
        "ansi-regex": "^5.0.1"
      },
      "engines": {
        "node": ">=8"
      }
    },
    "node_modules/zod": {
      "version": "3.25.76",
      "resolved": "https://registry.npmjs.org/zod/-/zod-3.25.76.tgz",
      "integrity": "sha512-gzUt/qt81nXsFGKIFcC3YnfEAx5NkunCfnDlvuBSSFS02bcXu4Lmea0AFIUwbLWxWPx3d9p8S5QoaujKcNQxcQ==",
      "license": "MIT",
      "funding": {
        "url": "https://github.com/sponsors/colinhacks"
      }
    }
  }
}
